github.com/langvm/cee-scanner v0.0.0-20240202045033-532ded3da87e h1:LAp1/ZdDqf2CMdyk3jVSjriBvidF/aY1JXu8eyF8roQ=
github.com/langvm/cee-scanner v0.0.0-20240202045033-532ded3da87e/go.mod h1:TcvOEFrt76kuhFSJ11pU8jsKZQTWVomGn+lj6hJkwRU=
github.com/langvm/cee-scanner v0.0.0-20240207035032-33940a80e7fd h1:ulIsP2E7+50HhgwAMubpBl5S1P8fU94spveogD93c4E=
github.com/langvm/cee-scanner v0.0.0-20240207035032-33940a80e7fd/go.mod h1:TcvOEFrt76kuhFSJ11pU8jsKZQTWVomGn+lj6hJkwRU=
